
Microsoft Visual Studio Solution File, Format Version 12.00
# Visual Studio Version 17
VisualStudioVersion = 17.7.34024.191
MinimumVisualStudioVersion = 10.0.40219.1
Project("{FAE04EC0-301F-11D3-BF4B-00C04F79EFBC}") = "ProjectManagementWPF", "ProjectManagementWPF\ProjectManagementWPF.csproj", "{EB57F908-6178-4A81-9917-79029C295DC2}"
EndProject
Project("{FAE04EC0-301F-11D3-BF4B-00C04F79EFBC}") = "BLL", "BLL\BLL.csproj", "{39E7E36C-5535-413E-A0FB-38D98ECF9000}"
EndProject
Project("{FAE04EC0-301F-11D3-BF4B-00C04F79EFBC}") = "DAL", "DAL\DAL.csproj", "{F1045459-3D34-4836-A386-C8BA37CB6565}"
EndProject
Global
	GlobalSection(SolutionConfigurationPlatforms) = preSolution
		Debug|Any CPU = Debug|Any CPU
		Release|Any CPU = Release|Any CPU
	EndGlobalSection
	GlobalSection(ProjectConfigurationPlatforms) = postSolution
		{EB57F908-6178-4A81-9917-79029C295DC2}.Debug|Any CPU.ActiveCfg = Debug|Any CPU
		{EB57F908-6178-4A81-9917-79029C295DC2}.Debug|Any CPU.Build.0 = Debug|Any CPU
		{EB57F908-6178-4A81-9917-79029C295DC2}.Release|Any CPU.ActiveCfg = Release|Any CPU
		{EB57F908-6178-4A81-9917-79029C295DC2}.Release|Any CPU.Build.0 = Release|Any CPU
		{39E7E36C-5535-413E-A0FB-38D98ECF9000}.Debug|Any CPU.ActiveCfg = Debug|Any CPU
		{39E7E36C-5535-413E-A0FB-38D98ECF9000}.Debug|Any CPU.Build.0 = Debug|Any CPU
		{39E7E36C-5535-413E-A0FB-38D98ECF9000}.Release|Any CPU.ActiveCfg = Release|Any CPU
		{39E7E36C-5535-413E-A0FB-38D98ECF9000}.Release|Any CPU.Build.0 = Release|Any CPU
		{F1045459-3D34-4836-A386-C8BA37CB6565}.Debug|Any CPU.ActiveCfg = Debug|Any CPU
		{F1045459-3D34-4836-A386-C8BA37CB6565}.Debug|Any CPU.Build.0 = Debug|Any CPU
		{F1045459-3D34-4836-A386-C8BA37CB6565}.Release|Any CPU.ActiveCfg = Release|Any CPU
		{F1045459-3D34-4836-A386-C8BA37CB6565}.Release|Any CPU.Build.0 = Release|Any CPU
	EndGlobalSection
	GlobalSection(SolutionProperties) = preSolution
		HideSolutionNode = FALSE
	EndGlobalSection
	GlobalSection(ExtensibilityGlobals) = postSolution
		SolutionGuid = {FAD98424-B706-4749-A722-B9CF30E10725}
	EndGlobalSection
EndGlobal
